
Microsoft Visual Studio Solution File, Format Version 12.00
# Visual Studio 15
VisualStudioVersion = 15.0.28010.2026
MinimumVisualStudioVersion = 10.0.40219.1
Project("{FAE04EC0-301F-11D3-BF4B-00C04F79EFBC}") = "TogglTimeManager.WPF", "TogglTimeManager\TogglTimeManager.WPF.csproj", "{3125A8D9-6818-48BD-9A9B-E224BD9A7D14}"
EndProject
Project("{9A19103F-16F7-4668-BE54-9A1E7A4F7556}") = "ToggleTimeManager.Core.Tests", "ToggleTimeManager.Core.Tests\ToggleTimeManager.Core.Tests.csproj", "{45BC3F49-FCA6-4CFA-BFF8-D9141860666B}"
EndProject
Project("{9A19103F-16F7-4668-BE54-9A1E7A4F7556}") = "TogglTimeManager.Core", "TogglTimeManager.Core\TogglTimeManager.Core.csproj", "{39EFF561-F6B0-43A3-B108-AD74615E696C}"
EndProject
Global
	GlobalSection(SolutionConfigurationPlatforms) = preSolution
		Debug|Any CPU = Debug|Any CPU
		Release|Any CPU = Release|Any CPU
	EndGlobalSection
	GlobalSection(ProjectConfigurationPlatforms) = postSolution
		{3125A8D9-6818-48BD-9A9B-E224BD9A7D14}.Debug|Any CPU.ActiveCfg = Debug|Any CPU
		{3125A8D9-6818-48BD-9A9B-E224BD9A7D14}.Debug|Any CPU.Build.0 = Debug|Any CPU
		{3125A8D9-6818-48BD-9A9B-E224BD9A7D14}.Release|Any CPU.ActiveCfg = Release|Any CPU
		{3125A8D9-6818-48BD-9A9B-E224BD9A7D14}.Release|Any CPU.Build.0 = Release|Any CPU
		{45BC3F49-FCA6-4CFA-BFF8-D9141860666B}.Debug|Any CPU.ActiveCfg = Debug|Any CPU
		{45BC3F49-FCA6-4CFA-BFF8-D9141860666B}.Debug|Any CPU.Build.0 = Debug|Any CPU
		{45BC3F49-FCA6-4CFA-BFF8-D9141860666B}.Release|Any CPU.ActiveCfg = Release|Any CPU
		{45BC3F49-FCA6-4CFA-BFF8-D9141860666B}.Release|Any CPU.Build.0 = Release|Any CPU
		{39EFF561-F6B0-43A3-B108-AD74615E696C}.Debug|Any CPU.ActiveCfg = Debug|Any CPU
		{39EFF561-F6B0-43A3-B108-AD74615E696C}.Debug|Any CPU.Build.0 = Debug|Any CPU
		{39EFF561-F6B0-43A3-B108-AD74615E696C}.Release|Any CPU.ActiveCfg = Release|Any CPU
		{39EFF561-F6B0-43A3-B108-AD74615E696C}.Release|Any CPU.Build.0 = Release|Any CPU
	EndGlobalSection
	GlobalSection(SolutionProperties) = preSolution
		HideSolutionNode = FALSE
	EndGlobalSection
	GlobalSection(ExtensibilityGlobals) = postSolution
		SolutionGuid = {AA675764-E939-468F-9210-B714DCA9806A}
	EndGlobalSection
EndGlobal
